
Microsoft Visual Studio Solution File, Format Version 12.00
# Visual Studio Version 16
VisualStudioVersion = 16.0.30114.105
MinimumVisualStudioVersion = 10.0.40219.1
Project("{FAE04EC0-301F-11D3-BF4B-00C04F79EFBC}") = "DiscordSlashCommandBot", "DiscordSlashCommandBot\DiscordSlashCommandBot.csproj", "{5D329AE7-C8FD-40FD-8995-F02CE1218C83}"
EndProject
Project("{FAE04EC0-301F-11D3-BF4B-00C04F79EFBC}") = "DiscordSlashCommandBot.Commands", "DiscordSlashCommandBot.Commands\DiscordSlashCommandBot.Commands.csproj", "{365DA0AE-28D3-4DE1-AEAB-2DD2A91694B4}"
EndProject
Project("{FAE04EC0-301F-11D3-BF4B-00C04F79EFBC}") = "DiscordSlashCommandBot.Interfaces", "DiscordSlashCommandBot.Interfaces\DiscordSlashCommandBot.Interfaces.csproj", "{D9C47537-143F-4524-A60B-FE62000D25E5}"
EndProject
Global
	GlobalSection(SolutionConfigurationPlatforms) = preSolution
		Debug|Any CPU = Debug|Any CPU
		Release|Any CPU = Release|Any CPU
	EndGlobalSection
	GlobalSection(SolutionProperties) = preSolution
		HideSolutionNode = FALSE
	EndGlobalSection
	GlobalSection(ProjectConfigurationPlatforms) = postSolution
		{5D329AE7-C8FD-40FD-8995-F02CE1218C83}.Debug|Any CPU.ActiveCfg = Debug|Any CPU
		{5D329AE7-C8FD-40FD-8995-F02CE1218C83}.Debug|Any CPU.Build.0 = Debug|Any CPU
		{5D329AE7-C8FD-40FD-8995-F02CE1218C83}.Release|Any CPU.ActiveCfg = Release|Any CPU
		{5D329AE7-C8FD-40FD-8995-F02CE1218C83}.Release|Any CPU.Build.0 = Release|Any CPU
		{365DA0AE-28D3-4DE1-AEAB-2DD2A91694B4}.Debug|Any CPU.ActiveCfg = Debug|Any CPU
		{365DA0AE-28D3-4DE1-AEAB-2DD2A91694B4}.Debug|Any CPU.Build.0 = Debug|Any CPU
		{365DA0AE-28D3-4DE1-AEAB-2DD2A91694B4}.Release|Any CPU.ActiveCfg = Release|Any CPU
		{365DA0AE-28D3-4DE1-AEAB-2DD2A91694B4}.Release|Any CPU.Build.0 = Release|Any CPU
		{D9C47537-143F-4524-A60B-FE62000D25E5}.Debug|Any CPU.ActiveCfg = Debug|Any CPU
		{D9C47537-143F-4524-A60B-FE62000D25E5}.Debug|Any CPU.Build.0 = Debug|Any CPU
		{D9C47537-143F-4524-A60B-FE62000D25E5}.Release|Any CPU.ActiveCfg = Release|Any CPU
		{D9C47537-143F-4524-A60B-FE62000D25E5}.Release|Any CPU.Build.0 = Release|Any CPU
	EndGlobalSection
EndGlobal
